
Microsoft Visual Studio Solution File, Format Version 12.00
# Visual Studio Version 17
VisualStudioVersion = 17.13.35828.75
MinimumVisualStudioVersion = 10.0.40219.1
Project("{FAE04EC0-301F-11D3-BF4B-00C04F79EFBC}") = "CommonLibrary", "CommonLibrary\CommonLibrary.csproj", "{E3C0EAFC-EE66-4FD3-A2C1-8885959E38E1}"
EndProject
Project("{FAE04EC0-301F-11D3-BF4B-00C04F79EFBC}") = "PresentationWebsite", "PresentationWebsite\PresentationWebsite.csproj", "{42E37391-9360-4DFB-BD58-6B3A771F8F73}"
EndProject
Global
	GlobalSection(SolutionConfigurationPlatforms) = preSolution
		Debug|Any CPU = Debug|Any CPU
		Release|Any CPU = Release|Any CPU
	EndGlobalSection
	GlobalSection(ProjectConfigurationPlatforms) = postSolution
		{E3C0EAFC-EE66-4FD3-A2C1-8885959E38E1}.Debug|Any CPU.ActiveCfg = Debug|Any CPU
		{E3C0EAFC-EE66-4FD3-A2C1-8885959E38E1}.Debug|Any CPU.Build.0 = Debug|Any CPU
		{E3C0EAFC-EE66-4FD3-A2C1-8885959E38E1}.Release|Any CPU.ActiveCfg = Release|Any CPU
		{E3C0EAFC-EE66-4FD3-A2C1-8885959E38E1}.Release|Any CPU.Build.0 = Release|Any CPU
		{42E37391-9360-4DFB-BD58-6B3A771F8F73}.Debug|Any CPU.ActiveCfg = Debug|Any CPU
		{42E37391-9360-4DFB-BD58-6B3A771F8F73}.Debug|Any CPU.Build.0 = Debug|Any CPU
		{42E37391-9360-4DFB-BD58-6B3A771F8F73}.Release|Any CPU.ActiveCfg = Release|Any CPU
		{42E37391-9360-4DFB-BD58-6B3A771F8F73}.Release|Any CPU.Build.0 = Release|Any CPU
	EndGlobalSection
	GlobalSection(SolutionProperties) = preSolution
		HideSolutionNode = FALSE
	EndGlobalSection
	GlobalSection(ExtensibilityGlobals) = postSolution
		SolutionGuid = {196C7F70-3CA7-4051-B614-0274CB35B774}
	EndGlobalSection
EndGlobal
